
Microsoft Visual Studio Solution File, Format Version 12.00
# Visual Studio 15
VisualStudioVersion = 15.0.28010.2048
MinimumVisualStudioVersion = 10.0.40219.1
Project("{9A19103F-16F7-4668-BE54-9A1E7A4F7556}") = "OwnerPets.Api", "OwnerPets.Api\OwnerPets.Api.csproj", "{E67E8D27-CEE1-4168-8D16-D3E2B5C59445}"
EndProject
Project("{9A19103F-16F7-4668-BE54-9A1E7A4F7556}") = "OwnerPets.Data", "OwnerPets.Data\OwnerPets.Data.csproj", "{D3532E7C-5BD2-44A7-8A19-6DA3C563C53C}"
EndProject
Project("{9A19103F-16F7-4668-BE54-9A1E7A4F7556}") = "OwnerPets.Services", "OwnerPets.Services\OwnerPets.Services.csproj", "{ABE129BF-6C5C-4039-939D-C1AEC968ABE0}"
EndProject
Project("{9A19103F-16F7-4668-BE54-9A1E7A4F7556}") = "OwnerPets.Repository", "OwnerPets.Repository\OwnerPets.Repository.csproj", "{A269C58E-6692-48FA-817B-3ED8CAF7414A}"
EndProject
Project("{9A19103F-16F7-4668-BE54-9A1E7A4F7556}") = "OwnerPets.Test", "OwnerPets.Test\OwnerPets.Test.csproj", "{7943083B-6FD5-4D49-BF8F-C4D50010A588}"
EndProject
Project("{FAE04EC0-301F-11D3-BF4B-00C04F79EFBC}") = "OwnerPets.Common", "OwnerPets.Common\OwnerPets.Common.csproj", "{B268A749-3BFE-4B35-BC30-A13B5D30BB39}"
EndProject
Global
	GlobalSection(SolutionConfigurationPlatforms) = preSolution
		Debug|Any CPU = Debug|Any CPU
		Release|Any CPU = Release|Any CPU
	EndGlobalSection
	GlobalSection(ProjectConfigurationPlatforms) = postSolution
		{E67E8D27-CEE1-4168-8D16-D3E2B5C59445}.Debug|Any CPU.ActiveCfg = Debug|Any CPU
		{E67E8D27-CEE1-4168-8D16-D3E2B5C59445}.Debug|Any CPU.Build.0 = Debug|Any CPU
		{E67E8D27-CEE1-4168-8D16-D3E2B5C59445}.Release|Any CPU.ActiveCfg = Release|Any CPU
		{E67E8D27-CEE1-4168-8D16-D3E2B5C59445}.Release|Any CPU.Build.0 = Release|Any CPU
		{D3532E7C-5BD2-44A7-8A19-6DA3C563C53C}.Debug|Any CPU.ActiveCfg = Debug|Any CPU
		{D3532E7C-5BD2-44A7-8A19-6DA3C563C53C}.Debug|Any CPU.Build.0 = Debug|Any CPU
		{D3532E7C-5BD2-44A7-8A19-6DA3C563C53C}.Release|Any CPU.ActiveCfg = Release|Any CPU
		{D3532E7C-5BD2-44A7-8A19-6DA3C563C53C}.Release|Any CPU.Build.0 = Release|Any CPU
		{ABE129BF-6C5C-4039-939D-C1AEC968ABE0}.Debug|Any CPU.ActiveCfg = Debug|Any CPU
		{ABE129BF-6C5C-4039-939D-C1AEC968ABE0}.Debug|Any CPU.Build.0 = Debug|Any CPU
		{ABE129BF-6C5C-4039-939D-C1AEC968ABE0}.Release|Any CPU.ActiveCfg = Release|Any CPU
		{ABE129BF-6C5C-4039-939D-C1AEC968ABE0}.Release|Any CPU.Build.0 = Release|Any CPU
		{A269C58E-6692-48FA-817B-3ED8CAF7414A}.Debug|Any CPU.ActiveCfg = Debug|Any CPU
		{A269C58E-6692-48FA-817B-3ED8CAF7414A}.Debug|Any CPU.Build.0 = Debug|Any CPU
		{A269C58E-6692-48FA-817B-3ED8CAF7414A}.Release|Any CPU.ActiveCfg = Release|Any CPU
		{A269C58E-6692-48FA-817B-3ED8CAF7414A}.Release|Any CPU.Build.0 = Release|Any CPU
		{7943083B-6FD5-4D49-BF8F-C4D50010A588}.Debug|Any CPU.ActiveCfg = Debug|Any CPU
		{7943083B-6FD5-4D49-BF8F-C4D50010A588}.Debug|Any CPU.Build.0 = Debug|Any CPU
		{7943083B-6FD5-4D49-BF8F-C4D50010A588}.Release|Any CPU.ActiveCfg = Release|Any CPU
		{7943083B-6FD5-4D49-BF8F-C4D50010A588}.Release|Any CPU.Build.0 = Release|Any CPU
		{B268A749-3BFE-4B35-BC30-A13B5D30BB39}.Debug|Any CPU.ActiveCfg = Debug|Any CPU
		{B268A749-3BFE-4B35-BC30-A13B5D30BB39}.Debug|Any CPU.Build.0 = Debug|Any CPU
		{B268A749-3BFE-4B35-BC30-A13B5D30BB39}.Release|Any CPU.ActiveCfg = Release|Any CPU
		{B268A749-3BFE-4B35-BC30-A13B5D30BB39}.Release|Any CPU.Build.0 = Release|Any CPU
	EndGlobalSection
	GlobalSection(SolutionProperties) = preSolution
		HideSolutionNode = FALSE
	EndGlobalSection
	GlobalSection(ExtensibilityGlobals) = postSolution
		SolutionGuid = {F39121FA-1245-4DBA-A6FC-6727AC01D960}
	EndGlobalSection
EndGlobal
